{
    "_readme": [
        "This file locks the dependencies of your project to a known state",
        "Read more about it at http://getcomposer.org/doc/01-basic-usage.md#composer-lock-the-lock-file",
        "This file is @generated automatically"
    ],
    "hash": "216bdc20f71ed9faada80284dc3dba91",
    "packages": [
        {
            "name": "dronemill/phphelpers",
            "version": "dev-master",
            "source": {
                "type": "git",
                "url": "https://github.com/dronemill/phphelpers.git",
                "reference": "09531fc8cdbb757146cd068b6366d28951cdb433"
            },
            "dist": {
                "type": "zip",
                "url": "https://api.github.com/repos/dronemill/phphelpers/zipball/09531fc8cdbb757146cd068b6366d28951cdb433",
                "reference": "09531fc8cdbb757146cd068b6366d28951cdb433",
                "shasum": ""
            },
            "type": "library",
            "autoload": {
                "psr-4": {
                    "DroneMill\\Helpers\\": "src/"
                }
            },
            "license": [
                "MIT"
            ],
            "description": "Miscellaneous php helper methods",
            "keywords": [
                "dronemill",
                "helpers",
                "php"
            ],
            "support": {
                "source": "https://github.com/dronemill/phphelpers/tree/master",
                "issues": "https://github.com/dronemill/phphelpers/issues"
            },
            "time": "2015-03-17 02:43:18"
        },
        {
            "name": "textalk/websocket",
            "version": "1.0.3",
            "source": {
                "type": "git",
                "url": "https://github.com/Textalk/websocket-php.git",
                "reference": "ba2e5f9ef7cf24d536d1c864ae74b2a9599b86eb"
            },
            "dist": {
                "type": "zip",
                "url": "https://api.github.com/repos/Textalk/websocket-php/zipball/ba2e5f9ef7cf24d536d1c864ae74b2a9599b86eb",
                "reference": "ba2e5f9ef7cf24d536d1c864ae74b2a9599b86eb",
                "shasum": ""
            },
            "require-dev": {
                "phpunit/phpunit": "4.1.*",
                "phpunit/phpunit-selenium": "1.3.3",
                "satooshi/php-coveralls": "dev-master"
            },
            "type": "library",
            "autoload": {
                "psr-4": {
                    "WebSocket\\": "lib"
                }
            },
            "notification-url": "https://packagist.org/downloads/",
            "license": [
                "MIT"
            ],
            "authors": [
                {
                    "name": "Fredrik Liljegren",
                    "email": "fredrik.liljegren@textalk.se"
                }
            ],
            "description": "WebSocket client and server",
            "time": "2015-04-11 05:45:54"
        }
    ],
    "packages-dev": [
        {
            "name": "fzaninotto/faker",
            "version": "v1.4.0",
            "source": {
                "type": "git",
                "url": "https://github.com/fzaninotto/Faker.git",
                "reference": "010c7efedd88bf31141a02719f51fb44c732d5a0"
            },
            "dist": {
                "type": "zip",
                "url": "https://api.github.com/repos/fzaninotto/Faker/zipball/010c7efedd88bf31141a02719f51fb44c732d5a0",
                "reference": "010c7efedd88bf31141a02719f51fb44c732d5a0",
                "shasum": ""
            },
            "require": {
                "php": ">=5.3.3"
            },
            "require-dev": {
                "phpunit/phpunit": "~4.0",
                "squizlabs/php_codesniffer": "~1.5"
            },
            "type": "library",
            "extra": {
                "branch-alias": []
            },
            "autoload": {
                "psr-0": {
                    "Faker": "src/",
                    "Faker\\PHPUnit": "test/"
                }
            },
            "notification-url": "https://packagist.org/downloads/",
            "license": [
                "MIT"
            ],
            "authors": [
                {
                    "name": "François Zaninotto"
                }
            ],
            "description": "Faker is a PHP library that generates fake data for you.",
            "keywords": [
                "data",
                "faker",
                "fixtures"
            ],
            "time": "2014-06-04 14:43:02"
        },
        {
            "name": "league/factory-muffin",
            "version": "dev-master",
            "source": {
                "type": "git",
                "url": "https://github.com/thephpleague/factory-muffin.git",
                "reference": "d4e6a104ae025e5c4c9779fffd9ccacae31c0157"
            },
            "dist": {
                "type": "zip",
                "url": "https://api.github.com/repos/thephpleague/factory-muffin/zipball/d4e6a104ae025e5c4c9779fffd9ccacae31c0157",
                "reference": "d4e6a104ae025e5c4c9779fffd9ccacae31c0157",
                "shasum": ""
            },
            "require": {
                "php": ">=5.4.0"
            },
            "replace": {
                "zizaco/factory-muff": "self.version"
            },
            "require-dev": {
                "illuminate/database": "~4.1",
                "league/factory-muffin-faker": "~1.0@dev",
                "phpunit/phpunit": "~4.0"
            },
            "suggest": {
                "illuminate/database": "Factory Muffin works well with eloquent models.",
                "league/factory-muffin-faker": "Factory Muffin works well with faker."
            },
            "type": "library",
            "extra": {
                "branch-alias": {
                    "dev-master": "3.0-dev"
                }
            },
            "autoload": {
                "psr-4": {
                    "League\\FactoryMuffin\\": "src/"
                }
            },
            "notification-url": "https://packagist.org/downloads/",
            "license": [
                "MIT"
            ],
            "authors": [
                {
                    "name": "Graham Campbell",
                    "email": "graham@mineuk.com"
                },
                {
                    "name": "Scott Robertson",
                    "email": "scottymeuk@gmail.com"
                }
            ],
            "description": "The goal of this package is to enable the rapid creation of objects for the purpose of testing.",
            "homepage": "http://factory-muffin.thephpleague.com/",
            "keywords": [
                "factory",
                "laravel",
                "testing"
            ],
            "time": "2015-02-19 20:48:25"
        },
        {
            "name": "league/factory-muffin-faker",
            "version": "dev-master",
            "source": {
                "type": "git",
                "url": "https://github.com/thephpleague/factory-muffin-faker.git",
                "reference": "90f0ddf40f11058abde13a8dac0d1350d42a1d3c"
            },
            "dist": {
                "type": "zip",
                "url": "https://api.github.com/repos/thephpleague/factory-muffin-faker/zipball/90f0ddf40f11058abde13a8dac0d1350d42a1d3c",
                "reference": "90f0ddf40f11058abde13a8dac0d1350d42a1d3c",
                "shasum": ""
            },
            "require": {
                "fzaninotto/faker": "1.4.*",
                "php": ">=5.4.0"
            },
            "require-dev": {
                "phpunit/phpunit": "~4.0"
            },
            "type": "library",
            "extra": {
                "branch-alias": {
                    "dev-master": "1.0-dev"
                }
            },
            "autoload": {
                "psr-4": {
                    "League\\FactoryMuffin\\Faker\\": "src/"
                }
            },
            "notification-url": "https://packagist.org/downloads/",
            "license": [
                "MIT"
            ],
            "authors": [
                {
                    "name": "Graham Campbell",
                    "email": "graham@mineuk.com"
                },
                {
                    "name": "Scott Robertson",
                    "email": "scottymeuk@gmail.com"
                }
            ],
            "description": "The goal of this package is to wrap faker to make it super easy to use with factory muffin.",
            "homepage": "http://factory-muffin.thephpleague.com/",
            "keywords": [
                "factory",
                "faker",
                "testing"
            ],
            "time": "2015-02-19 20:48:45"
        },
        {
            "name": "mockery/mockery",
            "version": "0.9.1",
            "source": {
                "type": "git",
                "url": "https://github.com/padraic/mockery.git",
                "reference": "17f63ee40ed14a8afb7ba1f0ae15cc4491d719d1"
            },
            "dist": {
                "type": "zip",
                "url": "https://api.github.com/repos/padraic/mockery/zipball/17f63ee40ed14a8afb7ba1f0ae15cc4491d719d1",
                "reference": "17f63ee40ed14a8afb7ba1f0ae15cc4491d719d1",
                "shasum": ""
            },
            "require": {
                "lib-pcre": ">=7.0",
                "php": ">=5.3.2"
            },
            "require-dev": {
                "hamcrest/hamcrest-php": "~1.1",
                "phpunit/phpunit": "~4.0",
                "satooshi/php-coveralls": "~0.7@dev"
            },
            "type": "library",
            "extra": {
                "branch-alias": {
                    "dev-master": "0.9.x-dev"
                }
            },
            "autoload": {
                "psr-0": {
                    "Mockery": "library/"
                }
            },
            "notification-url": "https://packagist.org/downloads/",
            "license": [
                "BSD-3-Clause"
            ],
            "authors": [
                {
                    "name": "Pádraic Brady",
                    "email": "padraic.brady@gmail.com",
                    "homepage": "http://blog.astrumfutura.com"
                },
                {
                    "name": "Dave Marshall",
                    "email": "dave.marshall@atstsolutions.co.uk",
                    "homepage": "http://davedevelopment.co.uk"
                }
            ],
            "description": "Mockery is a simple yet flexible PHP mock object framework for use in unit testing with PHPUnit, PHPSpec or any other testing framework. Its core goal is to offer a test double framework with a succint API capable of clearly defining all possible object operations and interactions using a human readable Domain Specific Language (DSL). Designed as a drop in alternative to PHPUnit's phpunit-mock-objects library, Mockery is easy to integrate with PHPUnit and can operate alongside phpunit-mock-objects without the World ending.",
            "homepage": "http://github.com/padraic/mockery",
            "keywords": [
                "BDD",
                "TDD",
                "library",
                "mock",
                "mock objects",
                "mockery",
                "stub",
                "test",
                "test double",
                "testing"
            ],
            "time": "2014-05-02 12:16:45"
        }
    ],
    "aliases": [],
    "minimum-stability": "dev",
    "stability-flags": {
        "dronemill/phphelpers": 20,
        "league/factory-muffin": 20,
        "league/factory-muffin-faker": 20
    },
    "prefer-stable": false,
    "prefer-lowest": false,
    "platform": [],
    "platform-dev": []
}
