{
    "_readme": [
        "This file locks the dependencies of your project to a known state",
        "Read more about it at https://getcomposer.org/doc/01-basic-usage.md#composer-lock-the-lock-file",
        "This file is @generated automatically"
    ],
    "hash": "3da5d8d70d1596d22fda73c38d3b46dd",
    "packages": [
        {
            "name": "dronemill/phphelpers",
            "version": "0.0.1",
            "source": {
                "type": "git",
                "url": "https://github.com/dronemill/phphelpers.git",
                "reference": "09531fc8cdbb757146cd068b6366d28951cdb433"
            },
            "dist": {
                "type": "zip",
                "url": "https://api.github.com/repos/dronemill/phphelpers/zipball/09531fc8cdbb757146cd068b6366d28951cdb433",
                "reference": "09531fc8cdbb757146cd068b6366d28951cdb433",
                "shasum": ""
            },
            "type": "library",
            "autoload": {
                "psr-4": {
                    "DroneMill\\Helpers\\": "src/"
                }
            },
            "notification-url": "https://packagist.org/downloads/",
            "license": [
                "MIT"
            ],
            "description": "Miscellaneous php helper methods",
            "keywords": [
                "dronemill",
                "helpers",
                "php"
            ],
            "time": "2015-03-17 02:43:18"
        },
        {
            "name": "textalk/websocket",
            "version": "dev-downstream",
            "source": {
                "type": "git",
                "url": "https://github.com/dronemill/websocket-php.git",
                "reference": "a1cecae50a598d737d143dcfb8f72dc010a086b0"
            },
            "dist": {
                "type": "zip",
                "url": "https://api.github.com/repos/dronemill/websocket-php/zipball/a1cecae50a598d737d143dcfb8f72dc010a086b0",
                "reference": "a1cecae50a598d737d143dcfb8f72dc010a086b0",
                "shasum": ""
            },
            "require-dev": {
                "phpunit/phpunit": "4.1.*",
                "phpunit/phpunit-selenium": "1.3.3",
                "satooshi/php-coveralls": "dev-master"
            },
            "type": "library",
            "autoload": {
                "psr-4": {
                    "WebSocket\\": "lib"
                }
            },
            "autoload-dev": {
                "psr-4": {
                    "WebSocket\\Tests\\": "tests"
                }
            },
            "license": [
                "MIT"
            ],
            "authors": [
                {
                    "name": "Fredrik Liljegren",
                    "email": "fredrik.liljegren@textalk.se"
                }
            ],
            "description": "WebSocket client and server",
            "support": {
                "source": "https://github.com/dronemill/websocket-php/tree/downstream"
            },
            "time": "2015-08-05 04:50:53"
        }
    ],
    "packages-dev": [
        {
            "name": "fzaninotto/faker",
            "version": "v1.5.0",
            "source": {
                "type": "git",
                "url": "https://github.com/fzaninotto/Faker.git",
                "reference": "d0190b156bcca848d401fb80f31f504f37141c8d"
            },
            "dist": {
                "type": "zip",
                "url": "https://api.github.com/repos/fzaninotto/Faker/zipball/d0190b156bcca848d401fb80f31f504f37141c8d",
                "reference": "d0190b156bcca848d401fb80f31f504f37141c8d",
                "shasum": ""
            },
            "require": {
                "php": ">=5.3.3"
            },
            "require-dev": {
                "phpunit/phpunit": "~4.0",
                "squizlabs/php_codesniffer": "~1.5"
            },
            "suggest": {
                "ext-intl": "*"
            },
            "type": "library",
            "extra": {
                "branch-alias": {
                    "dev-master": "1.5.x-dev"
                }
            },
            "autoload": {
                "psr-4": {
                    "Faker\\": "src/Faker/"
                }
            },
            "notification-url": "https://packagist.org/downloads/",
            "license": [
                "MIT"
            ],
            "authors": [
                {
                    "name": "François Zaninotto"
                }
            ],
            "description": "Faker is a PHP library that generates fake data for you.",
            "keywords": [
                "data",
                "faker",
                "fixtures"
            ],
            "time": "2015-05-29 06:29:14"
        },
        {
            "name": "league/factory-muffin",
            "version": "dev-master",
            "source": {
                "type": "git",
                "url": "https://github.com/thephpleague/factory-muffin.git",
                "reference": "2eb5d75e2c59c4dbc28d925d4633f2fcec37f1f2"
            },
            "dist": {
                "type": "zip",
                "url": "https://api.github.com/repos/thephpleague/factory-muffin/zipball/2eb5d75e2c59c4dbc28d925d4633f2fcec37f1f2",
                "reference": "2eb5d75e2c59c4dbc28d925d4633f2fcec37f1f2",
                "shasum": ""
            },
            "require": {
                "php": ">=5.4.0"
            },
            "replace": {
                "zizaco/factory-muff": "self.version"
            },
            "require-dev": {
                "illuminate/database": "5.0.*|5.1.*",
                "league/factory-muffin-faker": "~1.0@dev",
                "phpunit/phpunit": "~4.0"
            },
            "suggest": {
                "illuminate/database": "Factory Muffin works well with eloquent models.",
                "league/factory-muffin-faker": "Factory Muffin works well with faker."
            },
            "type": "library",
            "extra": {
                "branch-alias": {
                    "dev-master": "3.0-dev"
                }
            },
            "autoload": {
                "psr-4": {
                    "League\\FactoryMuffin\\": "src/"
                }
            },
            "notification-url": "https://packagist.org/downloads/",
            "license": [
                "MIT"
            ],
            "authors": [
                {
                    "name": "Scott Robertson",
                    "email": "scottymeuk@gmail.com"
                },
                {
                    "name": "Graham Campbell",
                    "email": "graham@alt-three.com"
                }
            ],
            "description": "The goal of this package is to enable the rapid creation of objects for the purpose of testing.",
            "homepage": "http://factory-muffin.thephpleague.com/",
            "keywords": [
                "factory",
                "testing"
            ],
            "time": "2015-07-20 21:35:20"
        },
        {
            "name": "league/factory-muffin-faker",
            "version": "dev-master",
            "source": {
                "type": "git",
                "url": "https://github.com/thephpleague/factory-muffin-faker.git",
                "reference": "c33d27c12c7de3149382d98290aeb0fc6d56dd46"
            },
            "dist": {
                "type": "zip",
                "url": "https://api.github.com/repos/thephpleague/factory-muffin-faker/zipball/c33d27c12c7de3149382d98290aeb0fc6d56dd46",
                "reference": "c33d27c12c7de3149382d98290aeb0fc6d56dd46",
                "shasum": ""
            },
            "require": {
                "fzaninotto/faker": "1.5.*",
                "php": ">=5.4.0"
            },
            "require-dev": {
                "phpunit/phpunit": "~4.0"
            },
            "type": "library",
            "extra": {
                "branch-alias": {
                    "dev-master": "1.0-dev"
                }
            },
            "autoload": {
                "psr-4": {
                    "League\\FactoryMuffin\\Faker\\": "src/"
                }
            },
            "notification-url": "https://packagist.org/downloads/",
            "license": [
                "MIT"
            ],
            "authors": [
                {
                    "name": "Scott Robertson",
                    "email": "scottymeuk@gmail.com"
                },
                {
                    "name": "Graham Campbell",
                    "email": "graham@alt-three.com"
                }
            ],
            "description": "The goal of this package is to wrap faker to make it super easy to use with factory muffin.",
            "homepage": "http://factory-muffin.thephpleague.com/",
            "keywords": [
                "factory",
                "faker",
                "testing"
            ],
            "time": "2015-06-25 17:36:29"
        },
        {
            "name": "mockery/mockery",
            "version": "0.9.1",
            "source": {
                "type": "git",
                "url": "https://github.com/padraic/mockery.git",
                "reference": "17f63ee40ed14a8afb7ba1f0ae15cc4491d719d1"
            },
            "dist": {
                "type": "zip",
                "url": "https://api.github.com/repos/padraic/mockery/zipball/17f63ee40ed14a8afb7ba1f0ae15cc4491d719d1",
                "reference": "17f63ee40ed14a8afb7ba1f0ae15cc4491d719d1",
                "shasum": ""
            },
            "require": {
                "lib-pcre": ">=7.0",
                "php": ">=5.3.2"
            },
            "require-dev": {
                "hamcrest/hamcrest-php": "~1.1",
                "phpunit/phpunit": "~4.0",
                "satooshi/php-coveralls": "~0.7@dev"
            },
            "type": "library",
            "extra": {
                "branch-alias": {
                    "dev-master": "0.9.x-dev"
                }
            },
            "autoload": {
                "psr-0": {
                    "Mockery": "library/"
                }
            },
            "notification-url": "https://packagist.org/downloads/",
            "license": [
                "BSD-3-Clause"
            ],
            "authors": [
                {
                    "name": "Pádraic Brady",
                    "email": "padraic.brady@gmail.com",
                    "homepage": "http://blog.astrumfutura.com"
                },
                {
                    "name": "Dave Marshall",
                    "email": "dave.marshall@atstsolutions.co.uk",
                    "homepage": "http://davedevelopment.co.uk"
                }
            ],
            "description": "Mockery is a simple yet flexible PHP mock object framework for use in unit testing with PHPUnit, PHPSpec or any other testing framework. Its core goal is to offer a test double framework with a succint API capable of clearly defining all possible object operations and interactions using a human readable Domain Specific Language (DSL). Designed as a drop in alternative to PHPUnit's phpunit-mock-objects library, Mockery is easy to integrate with PHPUnit and can operate alongside phpunit-mock-objects without the World ending.",
            "homepage": "http://github.com/padraic/mockery",
            "keywords": [
                "BDD",
                "TDD",
                "library",
                "mock",
                "mock objects",
                "mockery",
                "stub",
                "test",
                "test double",
                "testing"
            ],
            "time": "2014-05-02 12:16:45"
        }
    ],
    "aliases": [],
    "minimum-stability": "dev",
    "stability-flags": {
        "textalk/websocket": 20,
        "league/factory-muffin": 20,
        "league/factory-muffin-faker": 20
    },
    "prefer-stable": false,
    "prefer-lowest": false,
    "platform": [],
    "platform-dev": []
}
